
Microsoft Visual Studio Solution File, Format Version 12.00
# Visual Studio Version 16
VisualStudioVersion = 16.0.30114.105
MinimumVisualStudioVersion = 10.0.40219.1
Project("{FAE04EC0-301F-11D3-BF4B-00C04F79EFBC}") = "ProjectBank", "ProjectBank\ProjectBank.csproj", "{90989E50-37C9-4CD3-903C-B2D4CBA87CDE}"
EndProject
Project("{FAE04EC0-301F-11D3-BF4B-00C04F79EFBC}") = "ProjectBank.Tests", "ProjectBank.Tests\ProjectBank.Tests.csproj", "{CEF75D07-9739-4D99-8610-6AA217BC5D68}"
EndProject
Global
	GlobalSection(SolutionConfigurationPlatforms) = preSolution
		Debug|Any CPU = Debug|Any CPU
		Debug|x64 = Debug|x64
		Debug|x86 = Debug|x86
		Release|Any CPU = Release|Any CPU
		Release|x64 = Release|x64
		Release|x86 = Release|x86
	EndGlobalSection
	GlobalSection(SolutionProperties) = preSolution
		HideSolutionNode = FALSE
	EndGlobalSection
	GlobalSection(ProjectConfigurationPlatforms) = postSolution
		{90989E50-37C9-4CD3-903C-B2D4CBA87CDE}.Debug|Any CPU.ActiveCfg = Debug|Any CPU
		{90989E50-37C9-4CD3-903C-B2D4CBA87CDE}.Debug|Any CPU.Build.0 = Debug|Any CPU
		{90989E50-37C9-4CD3-903C-B2D4CBA87CDE}.Debug|x64.ActiveCfg = Debug|Any CPU
		{90989E50-37C9-4CD3-903C-B2D4CBA87CDE}.Debug|x64.Build.0 = Debug|Any CPU
		{90989E50-37C9-4CD3-903C-B2D4CBA87CDE}.Debug|x86.ActiveCfg = Debug|Any CPU
		{90989E50-37C9-4CD3-903C-B2D4CBA87CDE}.Debug|x86.Build.0 = Debug|Any CPU
		{90989E50-37C9-4CD3-903C-B2D4CBA87CDE}.Release|Any CPU.ActiveCfg = Release|Any CPU
		{90989E50-37C9-4CD3-903C-B2D4CBA87CDE}.Release|Any CPU.Build.0 = Release|Any CPU
		{90989E50-37C9-4CD3-903C-B2D4CBA87CDE}.Release|x64.ActiveCfg = Release|Any CPU
		{90989E50-37C9-4CD3-903C-B2D4CBA87CDE}.Release|x64.Build.0 = Release|Any CPU
		{90989E50-37C9-4CD3-903C-B2D4CBA87CDE}.Release|x86.ActiveCfg = Release|Any CPU
		{90989E50-37C9-4CD3-903C-B2D4CBA87CDE}.Release|x86.Build.0 = Release|Any CPU
		{CEF75D07-9739-4D99-8610-6AA217BC5D68}.Debug|Any CPU.ActiveCfg = Debug|Any CPU
		{CEF75D07-9739-4D99-8610-6AA217BC5D68}.Debug|Any CPU.Build.0 = Debug|Any CPU
		{CEF75D07-9739-4D99-8610-6AA217BC5D68}.Debug|x64.ActiveCfg = Debug|Any CPU
		{CEF75D07-9739-4D99-8610-6AA217BC5D68}.Debug|x64.Build.0 = Debug|Any CPU
		{CEF75D07-9739-4D99-8610-6AA217BC5D68}.Debug|x86.ActiveCfg = Debug|Any CPU
		{CEF75D07-9739-4D99-8610-6AA217BC5D68}.Debug|x86.Build.0 = Debug|Any CPU
		{CEF75D07-9739-4D99-8610-6AA217BC5D68}.Release|Any CPU.ActiveCfg = Release|Any CPU
		{CEF75D07-9739-4D99-8610-6AA217BC5D68}.Release|Any CPU.Build.0 = Release|Any CPU
		{CEF75D07-9739-4D99-8610-6AA217BC5D68}.Release|x64.ActiveCfg = Release|Any CPU
		{CEF75D07-9739-4D99-8610-6AA217BC5D68}.Release|x64.Build.0 = Release|Any CPU
		{CEF75D07-9739-4D99-8610-6AA217BC5D68}.Release|x86.ActiveCfg = Release|Any CPU
		{CEF75D07-9739-4D99-8610-6AA217BC5D68}.Release|x86.Build.0 = Release|Any CPU
	EndGlobalSection
EndGlobal
